// !$*UTF8*$!
{
	archiveVersion = 1;
	classes = {
	};
	objectVersion = 55;
	objects = {

/* Begin PBXBuildFile section */
		983E46951B76A3081D6731E5 /* Pods_CurrencyExchangeTests.framework in Frameworks */ = {isa = PBXBuildFile; fileRef = A55A4FF0FCD024DE04E37FCC /* Pods_CurrencyExchangeTests.framework */; };
		9D709A3E92AF84524421F588 /* Pods_CurrencyExchange_CurrencyExchangeUITests.framework in Frameworks */ = {isa = PBXBuildFile; fileRef = FED1C8D4B76D7CEB8140D9B4 /* Pods_CurrencyExchange_CurrencyExchangeUITests.framework */; };
		9D73F9D42928106F007C70C8 /* NetworkServiceManger.swift in Sources */ = {isa = PBXBuildFile; fileRef = 9D73F9D32928106F007C70C8 /* NetworkServiceManger.swift */; };
		9D73F9D72928115B007C70C8 /* StringExtension.swift in Sources */ = {isa = PBXBuildFile; fileRef = 9D73F9D62928115B007C70C8 /* StringExtension.swift */; };
		9DEC91F92927EF7E0088DE78 /* AppDelegate.swift in Sources */ = {isa = PBXBuildFile; fileRef = 9DEC91F82927EF7E0088DE78 /* AppDelegate.swift */; };
		9DEC91FB2927EF7E0088DE78 /* SceneDelegate.swift in Sources */ = {isa = PBXBuildFile; fileRef = 9DEC91FA2927EF7E0088DE78 /* SceneDelegate.swift */; };
		9DEC91FD2927EF7E0088DE78 /* ViewController.swift in Sources */ = {isa = PBXBuildFile; fileRef = 9DEC91FC2927EF7E0088DE78 /* ViewController.swift */; };
		9DEC92002927EF7E0088DE78 /* Main.storyboard in Resources */ = {isa = PBXBuildFile; fileRef = 9DEC91FE2927EF7E0088DE78 /* Main.storyboard */; };
		9DEC92022927EF7F0088DE78 /* Assets.xcassets in Resources */ = {isa = PBXBuildFile; fileRef = 9DEC92012927EF7F0088DE78 /* Assets.xcassets */; };
		9DEC92052927EF7F0088DE78 /* LaunchScreen.storyboard in Resources */ = {isa = PBXBuildFile; fileRef = 9DEC92032927EF7F0088DE78 /* LaunchScreen.storyboard */; };
		9DEC92102927EF7F0088DE78 /* CurrencyExchangeTests.swift in Sources */ = {isa = PBXBuildFile; fileRef = 9DEC920F2927EF7F0088DE78 /* CurrencyExchangeTests.swift */; };
		9DEC921A2927EF7F0088DE78 /* CurrencyExchangeUITests.swift in Sources */ = {isa = PBXBuildFile; fileRef = 9DEC92192927EF7F0088DE78 /* CurrencyExchangeUITests.swift */; };
		9DEC921C2927EF7F0088DE78 /* CurrencyExchangeUITestsLaunchTests.swift in Sources */ = {isa = PBXBuildFile; fileRef = 9DEC921B2927EF7F0088DE78 /* CurrencyExchangeUITestsLaunchTests.swift */; };
		9DEC92292927EFC60088DE78 /* Podfile in Resources */ = {isa = PBXBuildFile; fileRef = 9DEC92282927EFC60088DE78 /* Podfile */; };
		9DEC92312927F47A0088DE78 /* Localizable.strings in Resources */ = {isa = PBXBuildFile; fileRef = 9DEC92332927F47A0088DE78 /* Localizable.strings */; };
		9DEC92382927F8840088DE78 /* MainViewController.swift in Sources */ = {isa = PBXBuildFile; fileRef = 9DEC92372927F8840088DE78 /* MainViewController.swift */; };
		9DEC923A2927F9150088DE78 /* CurrencyExchangeVC.swift in Sources */ = {isa = PBXBuildFile; fileRef = 9DEC92392927F9150088DE78 /* CurrencyExchangeVC.swift */; };
		EB2DF7125C00EDAB39B53828 /* Pods_CurrencyExchange.framework in Frameworks */ = {isa = PBXBuildFile; fileRef = 5291552DFBC9BEEA7B206E3B /* Pods_CurrencyExchange.framework */; };
/* End PBXBuildFile section */

/* Begin PBXContainerItemProxy section */
		9DEC920C2927EF7F0088DE78 /* PBXContainerItemProxy */ = {
			isa = PBXContainerItemProxy;
			containerPortal = 9DEC91ED2927EF7E0088DE78 /* Project object */;
			proxyType = 1;
			remoteGlobalIDString = 9DEC91F42927EF7E0088DE78;
			remoteInfo = CurrencyExchange;
		};
		9DEC92162927EF7F0088DE78 /* PBXContainerItemProxy */ = {
			isa = PBXContainerItemProxy;
			containerPortal = 9DEC91ED2927EF7E0088DE78 /* Project object */;
			proxyType = 1;
			remoteGlobalIDString = 9DEC91F42927EF7E0088DE78;
			remoteInfo = CurrencyExchange;
		};
/* End PBXContainerItemProxy section */

/* Begin PBXFileReference section */
		1BBAA27F5DD2F352AFA889A3 /* Pods-CurrencyExchange.release.xcconfig */ = {isa = PBXFileReference; includeInIndex = 1; lastKnownFileType = text.xcconfig; name = "Pods-CurrencyExchange.release.xcconfig"; path = "Target Support Files/Pods-CurrencyExchange/Pods-CurrencyExchange.release.xcconfig"; sourceTree = "<group>"; };
		22B20C834027A31EB3F814D1 /* Pods-CurrencyExchangeTests.release.xcconfig */ = {isa = PBXFileReference; includeInIndex = 1; lastKnownFileType = text.xcconfig; name = "Pods-CurrencyExchangeTests.release.xcconfig"; path = "Target Support Files/Pods-CurrencyExchangeTests/Pods-CurrencyExchangeTests.release.xcconfig"; sourceTree = "<group>"; };
		5291552DFBC9BEEA7B206E3B /* Pods_CurrencyExchange.framework */ = {isa = PBXFileReference; explicitFileType = wrapper.framework; includeInIndex = 0; path = Pods_CurrencyExchange.framework; sourceTree = BUILT_PRODUCTS_DIR; };
		52B5D0CE7E5E10756DDAC947 /* Pods-CurrencyExchange-CurrencyExchangeUITests.debug.xcconfig */ = {isa = PBXFileReference; includeInIndex = 1; lastKnownFileType = text.xcconfig; name = "Pods-CurrencyExchange-CurrencyExchangeUITests.debug.xcconfig"; path = "Target Support Files/Pods-CurrencyExchange-CurrencyExchangeUITests/Pods-CurrencyExchange-CurrencyExchangeUITests.debug.xcconfig"; sourceTree = "<group>"; };
		5D965DD0B62FC504034D560A /* Pods-CurrencyExchange-CurrencyExchangeUITests.release.xcconfig */ = {isa = PBXFileReference; includeInIndex = 1; lastKnownFileType = text.xcconfig; name = "Pods-CurrencyExchange-CurrencyExchangeUITests.release.xcconfig"; path = "Target Support Files/Pods-CurrencyExchange-CurrencyExchangeUITests/Pods-CurrencyExchange-CurrencyExchangeUITests.release.xcconfig"; sourceTree = "<group>"; };
		9D73F9D32928106F007C70C8 /* NetworkServiceManger.swift */ = {isa = PBXFileReference; lastKnownFileType = sourcecode.swift; path = NetworkServiceManger.swift; sourceTree = "<group>"; };
		9D73F9D62928115B007C70C8 /* StringExtension.swift */ = {isa = PBXFileReference; lastKnownFileType = sourcecode.swift; path = StringExtension.swift; sourceTree = "<group>"; };
		9DEC91F52927EF7E0088DE78 /* CurrencyExchange.app */ = {isa = PBXFileReference; explicitFileType = wrapper.application; includeInIndex = 0; path = CurrencyExchange.app; sourceTree = BUILT_PRODUCTS_DIR; };
		9DEC91F82927EF7E0088DE78 /* AppDelegate.swift */ = {isa = PBXFileReference; lastKnownFileType = sourcecode.swift; path = AppDelegate.swift; sourceTree = "<group>"; };
		9DEC91FA2927EF7E0088DE78 /* SceneDelegate.swift */ = {isa = PBXFileReference; lastKnownFileType = sourcecode.swift; path = SceneDelegate.swift; sourceTree = "<group>"; };
		9DEC91FC2927EF7E0088DE78 /* ViewController.swift */ = {isa = PBXFileReference; lastKnownFileType = sourcecode.swift; path = ViewController.swift; sourceTree = "<group>"; };
		9DEC91FF2927EF7E0088DE78 /* Base */ = {isa = PBXFileReference; lastKnownFileType = file.storyboard; name = Base; path = Base.lproj/Main.storyboard; sourceTree = "<group>"; };
		9DEC92012927EF7F0088DE78 /* Assets.xcassets */ = {isa = PBXFileReference; lastKnownFileType = folder.assetcatalog; path = Assets.xcassets; sourceTree = "<group>"; };
		9DEC92042927EF7F0088DE78 /* Base */ = {isa = PBXFileReference; lastKnownFileType = file.storyboard; name = Base; path = Base.lproj/LaunchScreen.storyboard; sourceTree = "<group>"; };
		9DEC92062927EF7F0088DE78 /* Info.plist */ = {isa = PBXFileReference; lastKnownFileType = text.plist.xml; path = Info.plist; sourceTree = "<group>"; };
		9DEC920B2927EF7F0088DE78 /* CurrencyExchangeTests.xctest */ = {isa = PBXFileReference; explicitFileType = wrapper.cfbundle; includeInIndex = 0; path = CurrencyExchangeTests.xctest; sourceTree = BUILT_PRODUCTS_DIR; };
		9DEC920F2927EF7F0088DE78 /* CurrencyExchangeTests.swift */ = {isa = PBXFileReference; lastKnownFileType = sourcecode.swift; path = CurrencyExchangeTests.swift; sourceTree = "<group>"; };
		9DEC92152927EF7F0088DE78 /* CurrencyExchangeUITests.xctest */ = {isa = PBXFileReference; explicitFileType = wrapper.cfbundle; includeInIndex = 0; path = CurrencyExchangeUITests.xctest; sourceTree = BUILT_PRODUCTS_DIR; };
		9DEC92192927EF7F0088DE78 /* CurrencyExchangeUITests.swift */ = {isa = PBXFileReference; lastKnownFileType = sourcecode.swift; path = CurrencyExchangeUITests.swift; sourceTree = "<group>"; };
		9DEC921B2927EF7F0088DE78 /* CurrencyExchangeUITestsLaunchTests.swift */ = {isa = PBXFileReference; lastKnownFileType = sourcecode.swift; path = CurrencyExchangeUITestsLaunchTests.swift; sourceTree = "<group>"; };
		9DEC92282927EFC60088DE78 /* Podfile */ = {isa = PBXFileReference; fileEncoding = 4; lastKnownFileType = text; path = Podfile; sourceTree = SOURCE_ROOT; xcLanguageSpecificationIdentifier = xcode.lang.ruby; };
		9DEC92322927F47A0088DE78 /* en */ = {isa = PBXFileReference; lastKnownFileType = text.plist.strings; name = en; path = en.lproj/Localizable.strings; sourceTree = "<group>"; };
		9DEC92352927F4F00088DE78 /* Environment.xcconfig */ = {isa = PBXFileReference; lastKnownFileType = text.xcconfig; path = Environment.xcconfig; sourceTree = "<group>"; };
		9DEC92372927F8840088DE78 /* MainViewController.swift */ = {isa = PBXFileReference; lastKnownFileType = sourcecode.swift; path = MainViewController.swift; sourceTree = "<group>"; };
		9DEC92392927F9150088DE78 /* CurrencyExchangeVC.swift */ = {isa = PBXFileReference; lastKnownFileType = sourcecode.swift; path = CurrencyExchangeVC.swift; sourceTree = "<group>"; };
		A55A4FF0FCD024DE04E37FCC /* Pods_CurrencyExchangeTests.framework */ = {isa = PBXFileReference; explicitFileType = wrapper.framework; includeInIndex = 0; path = Pods_CurrencyExchangeTests.framework; sourceTree = BUILT_PRODUCTS_DIR; };
		BF5993FDD76A881E06D1B01F /* Pods-CurrencyExchangeTests.debug.xcconfig */ = {isa = PBXFileReference; includeInIndex = 1; lastKnownFileType = text.xcconfig; name = "Pods-CurrencyExchangeTests.debug.xcconfig"; path = "Target Support Files/Pods-CurrencyExchangeTests/Pods-CurrencyExchangeTests.debug.xcconfig"; sourceTree = "<group>"; };
		F504B60365699FAA80A57085 /* Pods-CurrencyExchange.debug.xcconfig */ = {isa = PBXFileReference; includeInIndex = 1; lastKnownFileType = text.xcconfig; name = "Pods-CurrencyExchange.debug.xcconfig"; path = "Target Support Files/Pods-CurrencyExchange/Pods-CurrencyExchange.debug.xcconfig"; sourceTree = "<group>"; };
		FED1C8D4B76D7CEB8140D9B4 /* Pods_CurrencyExchange_CurrencyExchangeUITests.framework */ = {isa = PBXFileReference; explicitFileType = wrapper.framework; includeInIndex = 0; path = Pods_CurrencyExchange_CurrencyExchangeUITests.framework; sourceTree = BUILT_PRODUCTS_DIR; };
/* End PBXFileReference section */

/* Begin PBXFrameworksBuildPhase section */
		9DEC91F22927EF7E0088DE78 /* Frameworks */ = {
			isa = PBXFrameworksBuildPhase;
			buildActionMask = 2147483647;
			files = (
				EB2DF7125C00EDAB39B53828 /* Pods_CurrencyExchange.framework in Frameworks */,
			);
			runOnlyForDeploymentPostprocessing = 0;
		};
		9DEC92082927EF7F0088DE78 /* Frameworks */ = {
			isa = PBXFrameworksBuildPhase;
			buildActionMask = 2147483647;
			files = (
				983E46951B76A3081D6731E5 /* Pods_CurrencyExchangeTests.framework in Frameworks */,
			);
			runOnlyForDeploymentPostprocessing = 0;
		};
		9DEC92122927EF7F0088DE78 /* Frameworks */ = {
			isa = PBXFrameworksBuildPhase;
			buildActionMask = 2147483647;
			files = (
				9D709A3E92AF84524421F588 /* Pods_CurrencyExchange_CurrencyExchangeUITests.framework in Frameworks */,
			);
			runOnlyForDeploymentPostprocessing = 0;
		};
/* End PBXFrameworksBuildPhase section */

/* Begin PBXGroup section */
		84F5CE373914B699E89A1EFA /* Frameworks */ = {
			isa = PBXGroup;
			children = (
				5291552DFBC9BEEA7B206E3B /* Pods_CurrencyExchange.framework */,
				FED1C8D4B76D7CEB8140D9B4 /* Pods_CurrencyExchange_CurrencyExchangeUITests.framework */,
				A55A4FF0FCD024DE04E37FCC /* Pods_CurrencyExchangeTests.framework */,
			);
			name = Frameworks;
			sourceTree = "<group>";
		};
		9D73F9D5292810F3007C70C8 /* Extension */ = {
			isa = PBXGroup;
			children = (
				9D73F9D62928115B007C70C8 /* StringExtension.swift */,
			);
			path = Extension;
			sourceTree = "<group>";
		};
		9DEC91EC2927EF7E0088DE78 = {
			isa = PBXGroup;
			children = (
				9DEC91F72927EF7E0088DE78 /* CurrencyExchange */,
				9DEC920E2927EF7F0088DE78 /* CurrencyExchangeTests */,
				9DEC92182927EF7F0088DE78 /* CurrencyExchangeUITests */,
				9DEC91F62927EF7E0088DE78 /* Products */,
				D7761BE16762CEE4E3F98DCD /* Pods */,
				84F5CE373914B699E89A1EFA /* Frameworks */,
			);
			sourceTree = "<group>";
		};
		9DEC91F62927EF7E0088DE78 /* Products */ = {
			isa = PBXGroup;
			children = (
				9DEC91F52927EF7E0088DE78 /* CurrencyExchange.app */,
				9DEC920B2927EF7F0088DE78 /* CurrencyExchangeTests.xctest */,
				9DEC92152927EF7F0088DE78 /* CurrencyExchangeUITests.xctest */,
			);
			name = Products;
			sourceTree = "<group>";
		};
		9DEC91F72927EF7E0088DE78 /* CurrencyExchange */ = {
			isa = PBXGroup;
			children = (
				9D73F9D5292810F3007C70C8 /* Extension */,
				9DEC922C2927F3C40088DE78 /* ViewControllers */,
				9DEC922B2927F3BC0088DE78 /* ViewModel */,
				9DEC922A2927F3B50088DE78 /* Model */,
				9DEC92342927F4AD0088DE78 /* EnvironmentConfiguration */,
				9DEC922E2927F4510088DE78 /* Localizable */,
				9DEC922D2927F3CF0088DE78 /* Utilities */,
				9DEC91F82927EF7E0088DE78 /* AppDelegate.swift */,
				9DEC91FA2927EF7E0088DE78 /* SceneDelegate.swift */,
				9DEC91FE2927EF7E0088DE78 /* Main.storyboard */,
				9DEC92012927EF7F0088DE78 /* Assets.xcassets */,
				9DEC92032927EF7F0088DE78 /* LaunchScreen.storyboard */,
				9DEC92062927EF7F0088DE78 /* Info.plist */,
				9DEC92282927EFC60088DE78 /* Podfile */,
			);
			path = CurrencyExchange;
			sourceTree = "<group>";
		};
		9DEC920E2927EF7F0088DE78 /* CurrencyExchangeTests */ = {
			isa = PBXGroup;
			children = (
				9DEC920F2927EF7F0088DE78 /* CurrencyExchangeTests.swift */,
			);
			path = CurrencyExchangeTests;
			sourceTree = "<group>";
		};
		9DEC92182927EF7F0088DE78 /* CurrencyExchangeUITests */ = {
			isa = PBXGroup;
			children = (
				9DEC92192927EF7F0088DE78 /* CurrencyExchangeUITests.swift */,
				9DEC921B2927EF7F0088DE78 /* CurrencyExchangeUITestsLaunchTests.swift */,
			);
			path = CurrencyExchangeUITests;
			sourceTree = "<group>";
		};
		9DEC922A2927F3B50088DE78 /* Model */ = {
			isa = PBXGroup;
			children = (
			);
			path = Model;
			sourceTree = "<group>";
		};
		9DEC922B2927F3BC0088DE78 /* ViewModel */ = {
			isa = PBXGroup;
			children = (
			);
			path = ViewModel;
			sourceTree = "<group>";
		};
		9DEC922C2927F3C40088DE78 /* ViewControllers */ = {
			isa = PBXGroup;
			children = (
				9DEC91FC2927EF7E0088DE78 /* ViewController.swift */,
				9DEC92372927F8840088DE78 /* MainViewController.swift */,
				9DEC92392927F9150088DE78 /* CurrencyExchangeVC.swift */,
			);
			path = ViewControllers;
			sourceTree = "<group>";
		};
		9DEC922D2927F3CF0088DE78 /* Utilities */ = {
			isa = PBXGroup;
			children = (
				9D73F9D32928106F007C70C8 /* NetworkServiceManger.swift */,
			);
			path = Utilities;
			sourceTree = "<group>";
		};
		9DEC922E2927F4510088DE78 /* Localizable */ = {
			isa = PBXGroup;
			children = (
				9DEC92332927F47A0088DE78 /* Localizable.strings */,
			);
			path = Localizable;
			sourceTree = "<group>";
		};
		9DEC92342927F4AD0088DE78 /* EnvironmentConfiguration */ = {
			isa = PBXGroup;
			children = (
				9DEC92352927F4F00088DE78 /* Environment.xcconfig */,
			);
			path = EnvironmentConfiguration;
			sourceTree = "<group>";
		};
		D7761BE16762CEE4E3F98DCD /* Pods */ = {
			isa = PBXGroup;
			children = (
				F504B60365699FAA80A57085 /* Pods-CurrencyExchange.debug.xcconfig */,
				1BBAA27F5DD2F352AFA889A3 /* Pods-CurrencyExchange.release.xcconfig */,
				52B5D0CE7E5E10756DDAC947 /* Pods-CurrencyExchange-CurrencyExchangeUITests.debug.xcconfig */,
				5D965DD0B62FC504034D560A /* Pods-CurrencyExchange-CurrencyExchangeUITests.release.xcconfig */,
				BF5993FDD76A881E06D1B01F /* Pods-CurrencyExchangeTests.debug.xcconfig */,
				22B20C834027A31EB3F814D1 /* Pods-CurrencyExchangeTests.release.xcconfig */,
			);
			path = Pods;
			sourceTree = "<group>";
		};
/* End PBXGroup section */

/* Begin PBXNativeTarget section */
		9DEC91F42927EF7E0088DE78 /* CurrencyExchange */ = {
			isa = PBXNativeTarget;
			buildConfigurationList = 9DEC921F2927EF7F0088DE78 /* Build configuration list for PBXNativeTarget "CurrencyExchange" */;
			buildPhases = (
				C1324704311FF27DE2AEC748 /* [CP] Check Pods Manifest.lock */,
				9DEC91F12927EF7E0088DE78 /* Sources */,
				9DEC91F22927EF7E0088DE78 /* Frameworks */,
				9DEC91F32927EF7E0088DE78 /* Resources */,
				AF5B98C81DBD46DE4AF51364 /* [CP] Embed Pods Frameworks */,
			);
			buildRules = (
			);
			dependencies = (
			);
			name = CurrencyExchange;
			productName = CurrencyExchange;
			productReference = 9DEC91F52927EF7E0088DE78 /* CurrencyExchange.app */;
			productType = "com.apple.product-type.application";
		};
		9DEC920A2927EF7F0088DE78 /* CurrencyExchangeTests */ = {
			isa = PBXNativeTarget;
			buildConfigurationList = 9DEC92222927EF7F0088DE78 /* Build configuration list for PBXNativeTarget "CurrencyExchangeTests" */;
			buildPhases = (
				CB5A52E24908E58CD9CC6993 /* [CP] Check Pods Manifest.lock */,
				9DEC92072927EF7F0088DE78 /* Sources */,
				9DEC92082927EF7F0088DE78 /* Frameworks */,
				9DEC92092927EF7F0088DE78 /* Resources */,
			);
			buildRules = (
			);
			dependencies = (
				9DEC920D2927EF7F0088DE78 /* PBXTargetDependency */,
			);
			name = CurrencyExchangeTests;
			productName = CurrencyExchangeTests;
			productReference = 9DEC920B2927EF7F0088DE78 /* CurrencyExchangeTests.xctest */;
			productType = "com.apple.product-type.bundle.unit-test";
		};
		9DEC92142927EF7F0088DE78 /* CurrencyExchangeUITests */ = {
			isa = PBXNativeTarget;
			buildConfigurationList = 9DEC92252927EF7F0088DE78 /* Build configuration list for PBXNativeTarget "CurrencyExchangeUITests" */;
			buildPhases = (
				29629B1AF89152584A3B80B6 /* [CP] Check Pods Manifest.lock */,
				9DEC92112927EF7F0088DE78 /* Sources */,
				9DEC92122927EF7F0088DE78 /* Frameworks */,
				9DEC92132927EF7F0088DE78 /* Resources */,
				A7997B8AF4861D5C12E7949D /* [CP] Embed Pods Frameworks */,
			);
			buildRules = (
			);
			dependencies = (
				9DEC92172927EF7F0088DE78 /* PBXTargetDependency */,
			);
			name = CurrencyExchangeUITests;
			productName = CurrencyExchangeUITests;
			productReference = 9DEC92152927EF7F0088DE78 /* CurrencyExchangeUITests.xctest */;
			productType = "com.apple.product-type.bundle.ui-testing";
		};
/* End PBXNativeTarget section */

/* Begin PBXProject section */
		9DEC91ED2927EF7E0088DE78 /* Project object */ = {
			isa = PBXProject;
			attributes = {
				BuildIndependentTargetsInParallel = 1;
				LastSwiftUpdateCheck = 1330;
				LastUpgradeCheck = 1330;
				TargetAttributes = {
					9DEC91F42927EF7E0088DE78 = {
						CreatedOnToolsVersion = 13.3.1;
					};
					9DEC920A2927EF7F0088DE78 = {
						CreatedOnToolsVersion = 13.3.1;
						TestTargetID = 9DEC91F42927EF7E0088DE78;
					};
					9DEC92142927EF7F0088DE78 = {
						CreatedOnToolsVersion = 13.3.1;
						TestTargetID = 9DEC91F42927EF7E0088DE78;
					};
				};
			};
			buildConfigurationList = 9DEC91F02927EF7E0088DE78 /* Build configuration list for PBXProject "CurrencyExchange" */;
			compatibilityVersion = "Xcode 13.0";
			developmentRegion = en;
			hasScannedForEncodings = 0;
			knownRegions = (
				en,
				Base,
			);
			mainGroup = 9DEC91EC2927EF7E0088DE78;
			productRefGroup = 9DEC91F62927EF7E0088DE78 /* Products */;
			projectDirPath = "";
			projectRoot = "";
			targets = (
				9DEC91F42927EF7E0088DE78 /* CurrencyExchange */,
				9DEC920A2927EF7F0088DE78 /* CurrencyExchangeTests */,
				9DEC92142927EF7F0088DE78 /* CurrencyExchangeUITests */,
			);
		};
/* End PBXProject section */

/* Begin PBXResourcesBuildPhase section */
		9DEC91F32927EF7E0088DE78 /* Resources */ = {
			isa = PBXResourcesBuildPhase;
			buildActionMask = 2147483647;
			files = (
				9DEC92312927F47A0088DE78 /* Localizable.strings in Resources */,
				9DEC92052927EF7F0088DE78 /* LaunchScreen.storyboard in Resources */,
				9DEC92022927EF7F0088DE78 /* Assets.xcassets in Resources */,
				9DEC92292927EFC60088DE78 /* Podfile in Resources */,
				9DEC92002927EF7E0088DE78 /* Main.storyboard in Resources */,
			);
			runOnlyForDeploymentPostprocessing = 0;
		};
		9DEC92092927EF7F0088DE78 /* Resources */ = {
			isa = PBXResourcesBuildPhase;
			buildActionMask = 2147483647;
			files = (
			);
			runOnlyForDeploymentPostprocessing = 0;
		};
		9DEC92132927EF7F0088DE78 /* Resources */ = {
			isa = PBXResourcesBuildPhase;
			buildActionMask = 2147483647;
			files = (
			);
			runOnlyForDeploymentPostprocessing = 0;
		};
/* End PBXResourcesBuildPhase section */

/* Begin PBXShellScriptBuildPhase section */
		29629B1AF89152584A3B80B6 /* [CP] Check Pods Manifest.lock */ = {
			isa = PBXShellScriptBuildPhase;
			buildActionMask = 2147483647;
			files = (
			);
			inputFileListPaths = (
			);
			inputPaths = (
				"${PODS_PODFILE_DIR_PATH}/Podfile.lock",
				"${PODS_ROOT}/Manifest.lock",
			);
			name = "[CP] Check Pods Manifest.lock";
			outputFileListPaths = (
			);
			outputPaths = (
				"$(DERIVED_FILE_DIR)/Pods-CurrencyExchange-CurrencyExchangeUITests-checkManifestLockResult.txt",
			);
			runOnlyForDeploymentPostprocessing = 0;
			shellPath = /bin/sh;
			shellScript = "diff \"${PODS_PODFILE_DIR_PATH}/Podfile.lock\" \"${PODS_ROOT}/Manifest.lock\" > /dev/null\nif [ $? != 0 ] ; then\n    # print error to STDERR\n    echo \"error: The sandbox is not in sync with the Podfile.lock. Run 'pod install' or update your CocoaPods installation.\" >&2\n    exit 1\nfi\n# This output is used by Xcode 'outputs' to avoid re-running this script phase.\necho \"SUCCESS\" > \"${SCRIPT_OUTPUT_FILE_0}\"\n";
			showEnvVarsInLog = 0;
		};
		A7997B8AF4861D5C12E7949D /* [CP] Embed Pods Frameworks */ = {
			isa = PBXShellScriptBuildPhase;
			buildActionMask = 2147483647;
			files = (
			);
			inputFileListPaths = (
				"${PODS_ROOT}/Target Support Files/Pods-CurrencyExchange-CurrencyExchangeUITests/Pods-CurrencyExchange-CurrencyExchangeUITests-frameworks-${CONFIGURATION}-input-files.xcfilelist",
			);
			name = "[CP] Embed Pods Frameworks";
			outputFileListPaths = (
				"${PODS_ROOT}/Target Support Files/Pods-CurrencyExchange-CurrencyExchangeUITests/Pods-CurrencyExchange-CurrencyExchangeUITests-frameworks-${CONFIGURATION}-output-files.xcfilelist",
			);
			runOnlyForDeploymentPostprocessing = 0;
			shellPath = /bin/sh;
			shellScript = "\"${PODS_ROOT}/Target Support Files/Pods-CurrencyExchange-CurrencyExchangeUITests/Pods-CurrencyExchange-CurrencyExchangeUITests-frameworks.sh\"\n";
			showEnvVarsInLog = 0;
		};
		AF5B98C81DBD46DE4AF51364 /* [CP] Embed Pods Frameworks */ = {
			isa = PBXShellScriptBuildPhase;
			buildActionMask = 2147483647;
			files = (
			);
			inputFileListPaths = (
				"${PODS_ROOT}/Target Support Files/Pods-CurrencyExchange/Pods-CurrencyExchange-frameworks-${CONFIGURATION}-input-files.xcfilelist",
			);
			name = "[CP] Embed Pods Frameworks";
			outputFileListPaths = (
				"${PODS_ROOT}/Target Support Files/Pods-CurrencyExchange/Pods-CurrencyExchange-frameworks-${CONFIGURATION}-output-files.xcfilelist",
			);
			runOnlyForDeploymentPostprocessing = 0;
			shellPath = /bin/sh;
			shellScript = "\"${PODS_ROOT}/Target Support Files/Pods-CurrencyExchange/Pods-CurrencyExchange-frameworks.sh\"\n";
			showEnvVarsInLog = 0;
		};
		C1324704311FF27DE2AEC748 /* [CP] Check Pods Manifest.lock */ = {
			isa = PBXShellScriptBuildPhase;
			buildActionMask = 2147483647;
			files = (
			);
			inputFileListPaths = (
			);
			inputPaths = (
				"${PODS_PODFILE_DIR_PATH}/Podfile.lock",
				"${PODS_ROOT}/Manifest.lock",
			);
			name = "[CP] Check Pods Manifest.lock";
			outputFileListPaths = (
			);
			outputPaths = (
				"$(DERIVED_FILE_DIR)/Pods-CurrencyExchange-checkManifestLockResult.txt",
			);
			runOnlyForDeploymentPostprocessing = 0;
			shellPath = /bin/sh;
			shellScript = "diff \"${PODS_PODFILE_DIR_PATH}/Podfile.lock\" \"${PODS_ROOT}/Manifest.lock\" > /dev/null\nif [ $? != 0 ] ; then\n    # print error to STDERR\n    echo \"error: The sandbox is not in sync with the Podfile.lock. Run 'pod install' or update your CocoaPods installation.\" >&2\n    exit 1\nfi\n# This output is used by Xcode 'outputs' to avoid re-running this script phase.\necho \"SUCCESS\" > \"${SCRIPT_OUTPUT_FILE_0}\"\n";
			showEnvVarsInLog = 0;
		};
		CB5A52E24908E58CD9CC6993 /* [CP] Check Pods Manifest.lock */ = {
			isa = PBXShellScriptBuildPhase;
			buildActionMask = 2147483647;
			files = (
			);
			inputFileListPaths = (
			);
			inputPaths = (
				"${PODS_PODFILE_DIR_PATH}/Podfile.lock",
				"${PODS_ROOT}/Manifest.lock",
			);
			name = "[CP] Check Pods Manifest.lock";
			outputFileListPaths = (
			);
			outputPaths = (
				"$(DERIVED_FILE_DIR)/Pods-CurrencyExchangeTests-checkManifestLockResult.txt",
			);
			runOnlyForDeploymentPostprocessing = 0;
			shellPath = /bin/sh;
			shellScript = "diff \"${PODS_PODFILE_DIR_PATH}/Podfile.lock\" \"${PODS_ROOT}/Manifest.lock\" > /dev/null\nif [ $? != 0 ] ; then\n    # print error to STDERR\n    echo \"error: The sandbox is not in sync with the Podfile.lock. Run 'pod install' or update your CocoaPods installation.\" >&2\n    exit 1\nfi\n# This output is used by Xcode 'outputs' to avoid re-running this script phase.\necho \"SUCCESS\" > \"${SCRIPT_OUTPUT_FILE_0}\"\n";
			showEnvVarsInLog = 0;
		};
/* End PBXShellScriptBuildPhase section */

/* Begin PBXSourcesBuildPhase section */
		9DEC91F12927EF7E0088DE78 /* Sources */ = {
			isa = PBXSourcesBuildPhase;
			buildActionMask = 2147483647;
			files = (
				9DEC91FD2927EF7E0088DE78 /* ViewController.swift in Sources */,
				9D73F9D72928115B007C70C8 /* StringExtension.swift in Sources */,
				9DEC91F92927EF7E0088DE78 /* AppDelegate.swift in Sources */,
				9D73F9D42928106F007C70C8 /* NetworkServiceManger.swift in Sources */,
				9DEC91FB2927EF7E0088DE78 /* SceneDelegate.swift in Sources */,
				9DEC923A2927F9150088DE78 /* CurrencyExchangeVC.swift in Sources */,
				9DEC92382927F8840088DE78 /* MainViewController.swift in Sources */,
			);
			runOnlyForDeploymentPostprocessing = 0;
		};
		9DEC92072927EF7F0088DE78 /* Sources */ = {
			isa = PBXSourcesBuildPhase;
			buildActionMask = 2147483647;
			files = (
				9DEC92102927EF7F0088DE78 /* CurrencyExchangeTests.swift in Sources */,
			);
			runOnlyForDeploymentPostprocessing = 0;
		};
		9DEC92112927EF7F0088DE78 /* Sources */ = {
			isa = PBXSourcesBuildPhase;
			buildActionMask = 2147483647;
			files = (
				9DEC921C2927EF7F0088DE78 /* CurrencyExchangeUITestsLaunchTests.swift in Sources */,
				9DEC921A2927EF7F0088DE78 /* CurrencyExchangeUITests.swift in Sources */,
			);
			runOnlyForDeploymentPostprocessing = 0;
		};
/* End PBXSourcesBuildPhase section */

/* Begin PBXTargetDependency section */
		9DEC920D2927EF7F0088DE78 /* PBXTargetDependency */ = {
			isa = PBXTargetDependency;
			target = 9DEC91F42927EF7E0088DE78 /* CurrencyExchange */;
			targetProxy = 9DEC920C2927EF7F0088DE78 /* PBXContainerItemProxy */;
		};
		9DEC92172927EF7F0088DE78 /* PBXTargetDependency */ = {
			isa = PBXTargetDependency;
			target = 9DEC91F42927EF7E0088DE78 /* CurrencyExchange */;
			targetProxy = 9DEC92162927EF7F0088DE78 /* PBXContainerItemProxy */;
		};
/* End PBXTargetDependency section */

/* Begin PBXVariantGroup section */
		9DEC91FE2927EF7E0088DE78 /* Main.storyboard */ = {
			isa = PBXVariantGroup;
			children = (
				9DEC91FF2927EF7E0088DE78 /* Base */,
			);
			name = Main.storyboard;
			sourceTree = "<group>";
		};
		9DEC92032927EF7F0088DE78 /* LaunchScreen.storyboard */ = {
			isa = PBXVariantGroup;
			children = (
				9DEC92042927EF7F0088DE78 /* Base */,
			);
			name = LaunchScreen.storyboard;
			sourceTree = "<group>";
		};
		9DEC92332927F47A0088DE78 /* Localizable.strings */ = {
			isa = PBXVariantGroup;
			children = (
				9DEC92322927F47A0088DE78 /* en */,
			);
			name = Localizable.strings;
			sourceTree = "<group>";
		};
/* End PBXVariantGroup section */

/* Begin XCBuildConfiguration section */
		9DEC921D2927EF7F0088DE78 /* Debug */ = {
			isa = XCBuildConfiguration;
			buildSettings = {
				ALWAYS_SEARCH_USER_PATHS = NO;
				CLANG_ANALYZER_NONNULL = YES;
				CLANG_ANALYZER_NUMBER_OBJECT_CONVERSION = YES_AGGRESSIVE;
				CLANG_CXX_LANGUAGE_STANDARD = "gnu++17";
				CLANG_ENABLE_MODULES = YES;
				CLANG_ENABLE_OBJC_ARC = YES;
				CLANG_ENABLE_OBJC_WEAK = YES;
				CLANG_WARN_BLOCK_CAPTURE_AUTORELEASING = YES;
				CLANG_WARN_BOOL_CONVERSION = YES;
				CLANG_WARN_COMMA = YES;
				CLANG_WARN_CONSTANT_CONVERSION = YES;
				CLANG_WARN_DEPRECATED_OBJC_IMPLEMENTATIONS = YES;
				CLANG_WARN_DIRECT_OBJC_ISA_USAGE = YES_ERROR;
				CLANG_WARN_DOCUMENTATION_COMMENTS = YES;
				CLANG_WARN_EMPTY_BODY = YES;
				CLANG_WARN_ENUM_CONVERSION = YES;
				CLANG_WARN_INFINITE_RECURSION = YES;
				CLANG_WARN_INT_CONVERSION = YES;
				CLANG_WARN_NON_LITERAL_NULL_CONVERSION = YES;
				CLANG_WARN_OBJC_IMPLICIT_RETAIN_SELF = YES;
				CLANG_WARN_OBJC_LITERAL_CONVERSION = YES;
				CLANG_WARN_OBJC_ROOT_CLASS = YES_ERROR;
				CLANG_WARN_QUOTED_INCLUDE_IN_FRAMEWORK_HEADER = YES;
				CLANG_WARN_RANGE_LOOP_ANALYSIS = YES;
				CLANG_WARN_STRICT_PROTOTYPES = YES;
				CLANG_WARN_SUSPICIOUS_MOVE = YES;
				CLANG_WARN_UNGUARDED_AVAILABILITY = YES_AGGRESSIVE;
				CLANG_WARN_UNREACHABLE_CODE = YES;
				CLANG_WARN__DUPLICATE_METHOD_MATCH = YES;
				COPY_PHASE_STRIP = NO;
				DEBUG_INFORMATION_FORMAT = dwarf;
				ENABLE_STRICT_OBJC_MSGSEND = YES;
				ENABLE_TESTABILITY = YES;
				GCC_C_LANGUAGE_STANDARD = gnu11;
				GCC_DYNAMIC_NO_PIC = NO;
				GCC_NO_COMMON_BLOCKS = YES;
				GCC_OPTIMIZATION_LEVEL = 0;
				GCC_PREPROCESSOR_DEFINITIONS = (
					"DEBUG=1",
					"$(inherited)",
				);
				GCC_WARN_64_TO_32_BIT_CONVERSION = YES;
				GCC_WARN_ABOUT_RETURN_TYPE = YES_ERROR;
				GCC_WARN_UNDECLARED_SELECTOR = YES;
				GCC_WARN_UNINITIALIZED_AUTOS = YES_AGGRESSIVE;
				GCC_WARN_UNUSED_FUNCTION = YES;
				GCC_WARN_UNUSED_VARIABLE = YES;
				IPHONEOS_DEPLOYMENT_TARGET = 15.4;
				MTL_ENABLE_DEBUG_INFO = INCLUDE_SOURCE;
				MTL_FAST_MATH = YES;
				ONLY_ACTIVE_ARCH = YES;
				SDKROOT = iphoneos;
				SWIFT_ACTIVE_COMPILATION_CONDITIONS = DEBUG;
				SWIFT_OPTIMIZATION_LEVEL = "-Onone";
			};
			name = Debug;
		};
		9DEC921E2927EF7F0088DE78 /* Release */ = {
			isa = XCBuildConfiguration;
			buildSettings = {
				ALWAYS_SEARCH_USER_PATHS = NO;
				CLANG_ANALYZER_NONNULL = YES;
				CLANG_ANALYZER_NUMBER_OBJECT_CONVERSION = YES_AGGRESSIVE;
				CLANG_CXX_LANGUAGE_STANDARD = "gnu++17";
				CLANG_ENABLE_MODULES = YES;
				CLANG_ENABLE_OBJC_ARC = YES;
				CLANG_ENABLE_OBJC_WEAK = YES;
				CLANG_WARN_BLOCK_CAPTURE_AUTORELEASING = YES;
				CLANG_WARN_BOOL_CONVERSION = YES;
				CLANG_WARN_COMMA = YES;
				CLANG_WARN_CONSTANT_CONVERSION = YES;
				CLANG_WARN_DEPRECATED_OBJC_IMPLEMENTATIONS = YES;
				CLANG_WARN_DIRECT_OBJC_ISA_USAGE = YES_ERROR;
				CLANG_WARN_DOCUMENTATION_COMMENTS = YES;
				CLANG_WARN_EMPTY_BODY = YES;
				CLANG_WARN_ENUM_CONVERSION = YES;
				CLANG_WARN_INFINITE_RECURSION = YES;
				CLANG_WARN_INT_CONVERSION = YES;
				CLANG_WARN_NON_LITERAL_NULL_CONVERSION = YES;
				CLANG_WARN_OBJC_IMPLICIT_RETAIN_SELF = YES;
				CLANG_WARN_OBJC_LITERAL_CONVERSION = YES;
				CLANG_WARN_OBJC_ROOT_CLASS = YES_ERROR;
				CLANG_WARN_QUOTED_INCLUDE_IN_FRAMEWORK_HEADER = YES;
				CLANG_WARN_RANGE_LOOP_ANALYSIS = YES;
				CLANG_WARN_STRICT_PROTOTYPES = YES;
				CLANG_WARN_SUSPICIOUS_MOVE = YES;
				CLANG_WARN_UNGUARDED_AVAILABILITY = YES_AGGRESSIVE;
				CLANG_WARN_UNREACHABLE_CODE = YES;
				CLANG_WARN__DUPLICATE_METHOD_MATCH = YES;
				COPY_PHASE_STRIP = NO;
				DEBUG_INFORMATION_FORMAT = "dwarf-with-dsym";
				ENABLE_NS_ASSERTIONS = NO;
				ENABLE_STRICT_OBJC_MSGSEND = YES;
				GCC_C_LANGUAGE_STANDARD = gnu11;
				GCC_NO_COMMON_BLOCKS = YES;
				GCC_WARN_64_TO_32_BIT_CONVERSION = YES;
				GCC_WARN_ABOUT_RETURN_TYPE = YES_ERROR;
				GCC_WARN_UNDECLARED_SELECTOR = YES;
				GCC_WARN_UNINITIALIZED_AUTOS = YES_AGGRESSIVE;
				GCC_WARN_UNUSED_FUNCTION = YES;
				GCC_WARN_UNUSED_VARIABLE = YES;
				IPHONEOS_DEPLOYMENT_TARGET = 15.4;
				MTL_ENABLE_DEBUG_INFO = NO;
				MTL_FAST_MATH = YES;
				SDKROOT = iphoneos;
				SWIFT_COMPILATION_MODE = wholemodule;
				SWIFT_OPTIMIZATION_LEVEL = "-O";
				VALIDATE_PRODUCT = YES;
			};
			name = Release;
		};
		9DEC92202927EF7F0088DE78 /* Debug */ = {
			isa = XCBuildConfiguration;
			baseConfigurationReference = F504B60365699FAA80A57085 /* Pods-CurrencyExchange.debug.xcconfig */;
			buildSettings = {
				ASSETCATALOG_COMPILER_APPICON_NAME = AppIcon;
				ASSETCATALOG_COMPILER_GLOBAL_ACCENT_COLOR_NAME = AccentColor;
				CODE_SIGN_STYLE = Automatic;
				CURRENT_PROJECT_VERSION = 1;
				GENERATE_INFOPLIST_FILE = YES;
				INFOPLIST_FILE = CurrencyExchange/Info.plist;
				INFOPLIST_KEY_UIApplicationSupportsIndirectInputEvents = YES;
				INFOPLIST_KEY_UILaunchStoryboardName = LaunchScreen;
				INFOPLIST_KEY_UIMainStoryboardFile = Main;
				INFOPLIST_KEY_UISupportedInterfaceOrientations_iPad = "UIInterfaceOrientationPortrait UIInterfaceOrientationPortraitUpsideDown UIInterfaceOrientationLandscapeLeft UIInterfaceOrientationLandscapeRight";
				INFOPLIST_KEY_UISupportedInterfaceOrientations_iPhone = "UIInterfaceOrientationPortrait UIInterfaceOrientationLandscapeLeft UIInterfaceOrientationLandscapeRight";
				LD_RUNPATH_SEARCH_PATHS = (
					"$(inherited)",
					"@executable_path/Frameworks",
				);
				MARKETING_VERSION = 1.0;
				PRODUCT_BUNDLE_IDENTIFIER = Niks.CurrencyExchange;
				PRODUCT_NAME = "$(TARGET_NAME)";
				SWIFT_EMIT_LOC_STRINGS = YES;
				SWIFT_VERSION = 5.0;
				TARGETED_DEVICE_FAMILY = "1,2";
			};
			name = Debug;
		};
		9DEC92212927EF7F0088DE78 /* Release */ = {
			isa = XCBuildConfiguration;
			baseConfigurationReference = 1BBAA27F5DD2F352AFA889A3 /* Pods-CurrencyExchange.release.xcconfig */;
			buildSettings = {
				ASSETCATALOG_COMPILER_APPICON_NAME = AppIcon;
				ASSETCATALOG_COMPILER_GLOBAL_ACCENT_COLOR_NAME = AccentColor;
				CODE_SIGN_STYLE = Automatic;
				CURRENT_PROJECT_VERSION = 1;
				GENERATE_INFOPLIST_FILE = YES;
				INFOPLIST_FILE = CurrencyExchange/Info.plist;
				INFOPLIST_KEY_UIApplicationSupportsIndirectInputEvents = YES;
				INFOPLIST_KEY_UILaunchStoryboardName = LaunchScreen;
				INFOPLIST_KEY_UIMainStoryboardFile = Main;
				INFOPLIST_KEY_UISupportedInterfaceOrientations_iPad = "UIInterfaceOrientationPortrait UIInterfaceOrientationPortraitUpsideDown UIInterfaceOrientationLandscapeLeft UIInterfaceOrientationLandscapeRight";
				INFOPLIST_KEY_UISupportedInterfaceOrientations_iPhone = "UIInterfaceOrientationPortrait UIInterfaceOrientationLandscapeLeft UIInterfaceOrientationLandscapeRight";
				LD_RUNPATH_SEARCH_PATHS = (
					"$(inherited)",
					"@executable_path/Frameworks",
				);
				MARKETING_VERSION = 1.0;
				PRODUCT_BUNDLE_IDENTIFIER = Niks.CurrencyExchange;
				PRODUCT_NAME = "$(TARGET_NAME)";
				SWIFT_EMIT_LOC_STRINGS = YES;
				SWIFT_VERSION = 5.0;
				TARGETED_DEVICE_FAMILY = "1,2";
			};
			name = Release;
		};
		9DEC92232927EF7F0088DE78 /* Debug */ = {
			isa = XCBuildConfiguration;
			baseConfigurationReference = BF5993FDD76A881E06D1B01F /* Pods-CurrencyExchangeTests.debug.xcconfig */;
			buildSettings = {
				ALWAYS_EMBED_SWIFT_STANDARD_LIBRARIES = YES;
				BUNDLE_LOADER = "$(TEST_HOST)";
				CODE_SIGN_STYLE = Automatic;
				CURRENT_PROJECT_VERSION = 1;
				GENERATE_INFOPLIST_FILE = YES;
				IPHONEOS_DEPLOYMENT_TARGET = 15.4;
				MARKETING_VERSION = 1.0;
				PRODUCT_BUNDLE_IDENTIFIER = Niks.CurrencyExchangeTests;
				PRODUCT_NAME = "$(TARGET_NAME)";
				SWIFT_EMIT_LOC_STRINGS = NO;
				SWIFT_VERSION = 5.0;
				TARGETED_DEVICE_FAMILY = "1,2";
				TEST_HOST = "$(BUILT_PRODUCTS_DIR)/CurrencyExchange.app/CurrencyExchange";
			};
			name = Debug;
		};
		9DEC92242927EF7F0088DE78 /* Release */ = {
			isa = XCBuildConfiguration;
			baseConfigurationReference = 22B20C834027A31EB3F814D1 /* Pods-CurrencyExchangeTests.release.xcconfig */;
			buildSettings = {
				ALWAYS_EMBED_SWIFT_STANDARD_LIBRARIES = YES;
				BUNDLE_LOADER = "$(TEST_HOST)";
				CODE_SIGN_STYLE = Automatic;
				CURRENT_PROJECT_VERSION = 1;
				GENERATE_INFOPLIST_FILE = YES;
				IPHONEOS_DEPLOYMENT_TARGET = 15.4;
				MARKETING_VERSION = 1.0;
				PRODUCT_BUNDLE_IDENTIFIER = Niks.CurrencyExchangeTests;
				PRODUCT_NAME = "$(TARGET_NAME)";
				SWIFT_EMIT_LOC_STRINGS = NO;
				SWIFT_VERSION = 5.0;
				TARGETED_DEVICE_FAMILY = "1,2";
				TEST_HOST = "$(BUILT_PRODUCTS_DIR)/CurrencyExchange.app/CurrencyExchange";
			};
			name = Release;
		};
		9DEC92262927EF7F0088DE78 /* Debug */ = {
			isa = XCBuildConfiguration;
			baseConfigurationReference = 52B5D0CE7E5E10756DDAC947 /* Pods-CurrencyExchange-CurrencyExchangeUITests.debug.xcconfig */;
			buildSettings = {
				ALWAYS_EMBED_SWIFT_STANDARD_LIBRARIES = YES;
				CODE_SIGN_STYLE = Automatic;
				CURRENT_PROJECT_VERSION = 1;
				GENERATE_INFOPLIST_FILE = YES;
				MARKETING_VERSION = 1.0;
				PRODUCT_BUNDLE_IDENTIFIER = Niks.CurrencyExchangeUITests;
				PRODUCT_NAME = "$(TARGET_NAME)";
				SWIFT_EMIT_LOC_STRINGS = NO;
				SWIFT_VERSION = 5.0;
				TARGETED_DEVICE_FAMILY = "1,2";
				TEST_TARGET_NAME = CurrencyExchange;
			};
			name = Debug;
		};
		9DEC92272927EF7F0088DE78 /* Release */ = {
			isa = XCBuildConfiguration;
			baseConfigurationReference = 5D965DD0B62FC504034D560A /* Pods-CurrencyExchange-CurrencyExchangeUITests.release.xcconfig */;
			buildSettings = {
				ALWAYS_EMBED_SWIFT_STANDARD_LIBRARIES = YES;
				CODE_SIGN_STYLE = Automatic;
				CURRENT_PROJECT_VERSION = 1;
				GENERATE_INFOPLIST_FILE = YES;
				MARKETING_VERSION = 1.0;
				PRODUCT_BUNDLE_IDENTIFIER = Niks.CurrencyExchangeUITests;
				PRODUCT_NAME = "$(TARGET_NAME)";
				SWIFT_EMIT_LOC_STRINGS = NO;
				SWIFT_VERSION = 5.0;
				TARGETED_DEVICE_FAMILY = "1,2";
				TEST_TARGET_NAME = CurrencyExchange;
			};
			name = Release;
		};
/* End XCBuildConfiguration section */

/* Begin XCConfigurationList section */
		9DEC91F02927EF7E0088DE78 /* Build configuration list for PBXProject "CurrencyExchange" */ = {
			isa = XCConfigurationList;
			buildConfigurations = (
				9DEC921D2927EF7F0088DE78 /* Debug */,
				9DEC921E2927EF7F0088DE78 /* Release */,
			);
			defaultConfigurationIsVisible = 0;
			defaultConfigurationName = Release;
		};
		9DEC921F2927EF7F0088DE78 /* Build configuration list for PBXNativeTarget "CurrencyExchange" */ = {
			isa = XCConfigurationList;
			buildConfigurations = (
				9DEC92202927EF7F0088DE78 /* Debug */,
				9DEC92212927EF7F0088DE78 /* Release */,
			);
			defaultConfigurationIsVisible = 0;
			defaultConfigurationName = Release;
		};
		9DEC92222927EF7F0088DE78 /* Build configuration list for PBXNativeTarget "CurrencyExchangeTests" */ = {
			isa = XCConfigurationList;
			buildConfigurations = (
				9DEC92232927EF7F0088DE78 /* Debug */,
				9DEC92242927EF7F0088DE78 /* Release */,
			);
			defaultConfigurationIsVisible = 0;
			defaultConfigurationName = Release;
		};
		9DEC92252927EF7F0088DE78 /* Build configuration list for PBXNativeTarget "CurrencyExchangeUITests" */ = {
			isa = XCConfigurationList;
			buildConfigurations = (
				9DEC92262927EF7F0088DE78 /* Debug */,
				9DEC92272927EF7F0088DE78 /* Release */,
			);
			defaultConfigurationIsVisible = 0;
			defaultConfigurationName = Release;
		};
/* End XCConfigurationList section */
	};
	rootObject = 9DEC91ED2927EF7E0088DE78 /* Project object */;
}
